{
  "pins" : [
    {
      "identity" : "activelabel.swift",
      "kind" : "remoteSourceControl",
      "location" : "https://github.com/optonaut/ActiveLabel.swift",
      "state" : {
        "revision" : "36949c1a69ef8b40574da20c9e24b115f387b1cf",
        "version" : "1.1.5"
      }
    },
    {
      "identity" : "alamofire",
      "kind" : "remoteSourceControl",
      "location" : "https://github.com/Alamofire/Alamofire.git",
      "state" : {
        "revision" : "bc268c28fb170f494de9e9927c371b8342979ece",
        "version" : "5.7.1"
      }
    },
    {
      "identity" : "alamofireimage",
      "kind" : "remoteSourceControl",
      "location" : "https://github.com/Alamofire/AlamofireImage.git",
      "state" : {
        "revision" : "98cbb00ce0ec5fc8e52a5b50a6bfc08d3e5aee10",
        "version" : "4.2.0"
      }
    },
    {
      "identity" : "animatedfield",
      "kind" : "remoteSourceControl",
      "location" : "https://github.com/DoubleNodeOpen/AnimatedField.git",
      "state" : {
        "revision" : "4d07161d4219a56b0e29390316308ff630633add",
        "version" : "2.5.50"
      }
    },
    {
      "identity" : "atomicswift",
      "kind" : "remoteSourceControl",
      "location" : "https://github.com/DoubleNodeOpen/AtomicSwift.git",
      "state" : {
        "revision" : "58fbeed795715d9c8dd7bb7ae1c36f37f2827089",
        "version" : "1.2.2"
      }
    },
    {
      "identity" : "dnsappcore",
      "kind" : "remoteSourceControl",
      "location" : "https://github.com/DoubleNode/DNSAppCore.git",
      "state" : {
        "revision" : "64ca0c752ca516953b4167c274d131e834401bef",
        "version" : "1.11.0"
      }
    },
    {
      "identity" : "dnsbasetheme",
      "kind" : "remoteSourceControl",
      "location" : "https://github.com/DoubleNode/DNSBaseTheme.git",
      "state" : {
        "revision" : "5aca1f0203414494cc47bf5bffecb57c07e898ee",
        "version" : "1.11.0"
      }
    },
    {
      "identity" : "dnsblanknetwork",
      "kind" : "remoteSourceControl",
      "location" : "https://github.com/DoubleNode/DNSBlankNetwork.git",
      "state" : {
        "revision" : "43875007256fa2f1e8676720df591391a821d9d4",
        "version" : "1.11.0"
      }
    },
    {
      "identity" : "dnsblanksystems",
      "kind" : "remoteSourceControl",
      "location" : "https://github.com/DoubleNode/DNSBlankSystems.git",
      "state" : {
        "revision" : "99b8c6385da1ed3a5ef8862693b2e13381900183",
        "version" : "1.11.0"
      }
    },
    {
      "identity" : "dnsblankworkers",
      "kind" : "remoteSourceControl",
      "location" : "https://github.com/DoubleNode/DNSBlankWorkers.git",
      "state" : {
        "revision" : "f8b19c044cd6111ec0547d567b2f33dfaf58a4dc",
        "version" : "1.11.0"
      }
    },
    {
      "identity" : "dnscore",
      "kind" : "remoteSourceControl",
      "location" : "https://github.com/DoubleNode/DNSCore.git",
      "state" : {
        "revision" : "07c5b99590df46f947f3704e9e11a3fed0037704",
        "version" : "1.11.2"
      }
    },
    {
      "identity" : "dnscorethreading",
      "kind" : "remoteSourceControl",
      "location" : "https://github.com/DoubleNode/DNSCoreThreading.git",
      "state" : {
        "revision" : "0cca4d7c93f6f2000eae9033b02b6d87d73bfd99",
        "version" : "1.11.0"
      }
    },
    {
      "identity" : "dnscrashnetwork",
      "kind" : "remoteSourceControl",
      "location" : "https://github.com/DoubleNode/DNSCrashNetwork.git",
      "state" : {
        "revision" : "b4a41eafdef93678231b9c095cc9015531b55775",
        "version" : "1.11.0"
      }
    },
    {
      "identity" : "dnscrashworkers",
      "kind" : "remoteSourceControl",
      "location" : "https://github.com/DoubleNode/DNSCrashWorkers.git",
      "state" : {
        "revision" : "779379e5da02842a06ae1f0ee7fe4b93e3ef828d",
        "version" : "1.11.0"
      }
    },
    {
      "identity" : "dnsdataobjects",
      "kind" : "remoteSourceControl",
      "location" : "https://github.com/DoubleNode/DNSDataObjects.git",
      "state" : {
        "revision" : "41858ba206c770af01a3aa57749fc9f1b35526d2",
        "version" : "1.11.0"
      }
    },
    {
      "identity" : "dnserror",
      "kind" : "remoteSourceControl",
      "location" : "https://github.com/DoubleNode/DNSError.git",
      "state" : {
        "revision" : "351479999b4bf4e11977ee1432185e4ee6d7e6c7",
        "version" : "1.11.0"
      }
    },
    {
      "identity" : "dnsprotocols",
      "kind" : "remoteSourceControl",
      "location" : "https://github.com/DoubleNode/DNSProtocols.git",
      "state" : {
        "revision" : "ae2a22281671683f6f633c7bcd5493b06cd98cdb",
        "version" : "1.11.0"
      }
    },
    {
      "identity" : "gifu",
      "kind" : "remoteSourceControl",
      "location" : "https://github.com/kaishin/Gifu.git",
      "state" : {
        "revision" : "82da0086dea14ca9afc9801234ad8dc4cd9e2738",
        "version" : "3.4.1"
      }
    },
    {
      "identity" : "hippolyte",
      "kind" : "remoteSourceControl",
      "location" : "https://github.com/JanGorman/Hippolyte.git",
      "state" : {
        "revision" : "5b393c644c84877f36e461ae6d8209d35161e098",
        "version" : "1.4.1"
      }
    },
    {
      "identity" : "keyedcodable",
      "kind" : "remoteSourceControl",
      "location" : "https://github.com/dgrzeszczak/KeyedCodable.git",
      "state" : {
        "revision" : "7e24e26cf3a844ee0dbcdbcc8c78ed45f9570e69",
        "version" : "3.1.2"
      }
    },
    {
      "identity" : "sfsymbol",
      "kind" : "remoteSourceControl",
      "location" : "https://github.com/Nirma/SFSymbol",
      "state" : {
        "revision" : "c18f260b9b69d1c24e40ad367e8a589563fb8f3d",
        "version" : "2.2.0"
      }
    },
    {
      "identity" : "skeletonview",
      "kind" : "remoteSourceControl",
      "location" : "https://github.com/Juanpe/SkeletonView.git",
      "state" : {
        "revision" : "739a4f5d78731bebc48811c75fa9e1f4c4cef23e",
        "version" : "1.30.4"
      }
    },
    {
      "identity" : "swift-mask-textfield",
      "kind" : "remoteSourceControl",
      "location" : "https://github.com/DoubleNodeOpen/swift-mask-textfield.git",
      "state" : {
        "revision" : "a5546b7ae52f8d6e0b067c25606f3455056b92a5",
        "version" : "1.1.2"
      }
    },
    {
      "identity" : "swiftybeaver",
      "kind" : "remoteSourceControl",
      "location" : "https://github.com/SwiftyBeaver/SwiftyBeaver.git",
      "state" : {
        "revision" : "1080914828ef1c9ca9cd2bad50667b3d847dabff",
        "version" : "2.0.0"
      }
    },
    {
      "identity" : "swipecellkit",
      "kind" : "remoteSourceControl",
      "location" : "https://github.com/SwipeCellKit/SwipeCellKit",
      "state" : {
        "revision" : "7219cad3098637176ace311510d11467dbfb9bb0",
        "version" : "2.7.1"
      }
    }
  ],
  "version" : 2
}
