{
  "object": {
    "pins": [
      {
        "package": "Alamofire",
        "repositoryURL": "https://github.com/Alamofire/Alamofire.git",
        "state": {
          "branch": null,
          "revision": "d120af1e8638c7da36c8481fd61a66c0c08dc4fc",
          "version": "5.4.4"
        }
      },
      {
        "package": "AlamofireImage",
        "repositoryURL": "https://github.com/Alamofire/AlamofireImage.git",
        "state": {
          "branch": null,
          "revision": "3e8edbeb75227f8542aa87f90240cf0424d6362f",
          "version": "4.1.0"
        }
      },
      {
        "package": "AtomicSwift",
        "repositoryURL": "https://github.com/DoubleNodeOpen/AtomicSwift.git",
        "state": {
          "branch": null,
          "revision": "58fbeed795715d9c8dd7bb7ae1c36f37f2827089",
          "version": "1.2.2"
        }
      },
      {
        "package": "DNSAppCore",
        "repositoryURL": "https://github.com/DoubleNode/DNSAppCore.git",
        "state": {
          "branch": null,
          "revision": "adfeb3d7894c5ebce995eb7f59939012aa139f1d",
          "version": "1.6.0"
        }
      },
      {
        "package": "DNSBlankSystems",
        "repositoryURL": "https://github.com/DoubleNode/DNSBlankSystems.git",
        "state": {
          "branch": null,
          "revision": "bd401d7f1d573ef55ff2ad7bb784c8481da3e64e",
          "version": "1.6.0"
        }
      },
      {
        "package": "DNSBlankWorkers",
        "repositoryURL": "https://github.com/DoubleNode/DNSBlankWorkers.git",
        "state": {
          "branch": null,
          "revision": "bb5a846daa7a4108c0fc8a5cb1d2ec5fb55eef58",
          "version": "1.6.0"
        }
      },
      {
        "package": "DNSCore",
        "repositoryURL": "https://github.com/DoubleNode/DNSCore.git",
        "state": {
          "branch": null,
          "revision": "e1a33427196c3dfa799c49a190f98598a72d22aa",
          "version": "1.6.1"
        }
      },
      {
        "package": "DNSCoreThreading",
        "repositoryURL": "https://github.com/DoubleNode/DNSCoreThreading.git",
        "state": {
          "branch": null,
          "revision": "04ab2c39ee3de89391de797f6aeeab154b98c916",
          "version": "1.6.0"
        }
      },
      {
        "package": "DNSCrashWorkers",
        "repositoryURL": "https://github.com/DoubleNode/DNSCrashWorkers.git",
        "state": {
          "branch": null,
          "revision": "6d6755cc5c0b55fd6399952375fc51198cab9a00",
          "version": "1.6.0"
        }
      },
      {
        "package": "DNSDataObjects",
        "repositoryURL": "https://github.com/DoubleNode/DNSDataObjects.git",
        "state": {
          "branch": null,
          "revision": "fdf1d90782bad947947926ba0f4744d6228afb7c",
          "version": "1.6.0"
        }
      },
      {
        "package": "DNSError",
        "repositoryURL": "https://github.com/DoubleNode/DNSError.git",
        "state": {
          "branch": null,
          "revision": "606b1986e1b78bb007a82597631ef0b249ce63b8",
          "version": "1.6.0"
        }
      },
      {
        "package": "DNSProtocols",
        "repositoryURL": "https://github.com/DoubleNode/DNSProtocols.git",
        "state": {
          "branch": null,
          "revision": "8c74dc2ae85725e1291e0f44d69c6905003bd526",
          "version": "1.6.2"
        }
      },
      {
        "package": "Hippolyte",
        "repositoryURL": "https://github.com/JanGorman/Hippolyte.git",
        "state": {
          "branch": null,
          "revision": "9c7794caffa5caf2ddaaa67ea7d27f712e0b937d",
          "version": "1.2.3"
        }
      },
      {
        "package": "SFSymbol",
        "repositoryURL": "https://github.com/Nirma/SFSymbol",
        "state": {
          "branch": null,
          "revision": "90ec3de89965be4612b496211e1f31a363a1df42",
          "version": "1.1.0"
        }
      },
      {
        "package": "SwiftyBeaver",
        "repositoryURL": "https://github.com/SwiftyBeaver/SwiftyBeaver.git",
        "state": {
          "branch": null,
          "revision": "2c513a2e8fbfbd6495afc4a05941d8e3fdba68e9",
          "version": "1.9.3"
        }
      }
    ]
  },
  "version": 1
}
